
Microsoft Visual Studio Solution File, Format Version 12.00
# Visual Studio 15
VisualStudioVersion = 15.0.27703.2042
MinimumVisualStudioVersion = 10.0.40219.1
Project("{9A19103F-16F7-4668-BE54-9A1E7A4F7556}") = "ELI", "ELI\ELI.csproj", "{2A55492F-947E-4429-B1E3-6E551CD47563}"
EndProject
Project("{9A19103F-16F7-4668-BE54-9A1E7A4F7556}") = "ELI.Tests", "ELIXUnitTest\ELI.Tests.csproj", "{19FFB8A3-4A2E-4138-B020-5307FB1921A7}"
EndProject
Global
	GlobalSection(SolutionConfigurationPlatforms) = preSolution
		Debug|Any CPU = Debug|Any CPU
		Release|Any CPU = Release|Any CPU
	EndGlobalSection
	GlobalSection(ProjectConfigurationPlatforms) = postSolution
		{2A55492F-947E-4429-B1E3-6E551CD47563}.Debug|Any CPU.ActiveCfg = Debug|Any CPU
		{2A55492F-947E-4429-B1E3-6E551CD47563}.Debug|Any CPU.Build.0 = Debug|Any CPU
		{2A55492F-947E-4429-B1E3-6E551CD47563}.Release|Any CPU.ActiveCfg = Release|Any CPU
		{2A55492F-947E-4429-B1E3-6E551CD47563}.Release|Any CPU.Build.0 = Release|Any CPU
		{19FFB8A3-4A2E-4138-B020-5307FB1921A7}.Debug|Any CPU.ActiveCfg = Debug|Any CPU
		{19FFB8A3-4A2E-4138-B020-5307FB1921A7}.Debug|Any CPU.Build.0 = Debug|Any CPU
		{19FFB8A3-4A2E-4138-B020-5307FB1921A7}.Release|Any CPU.ActiveCfg = Release|Any CPU
		{19FFB8A3-4A2E-4138-B020-5307FB1921A7}.Release|Any CPU.Build.0 = Release|Any CPU
	EndGlobalSection
	GlobalSection(SolutionProperties) = preSolution
		HideSolutionNode = FALSE
	EndGlobalSection
	GlobalSection(ExtensibilityGlobals) = postSolution
		SolutionGuid = {EBC06773-1CC9-4BB0-95A3-90FCB1121122}
	EndGlobalSection
EndGlobal
